
Microsoft Visual Studio Solution File, Format Version 12.00
# Visual Studio Version 16
VisualStudioVersion = 16.0.30523.141
MinimumVisualStudioVersion = 10.0.40219.1
Project("{FAE04EC0-301F-11D3-BF4B-00C04F79EFBC}") = "Rumfanget", "Rumfanget\Rumfanget.csproj", "{66099AA6-CC22-4BF9-BB60-1B70F184E7BD}"
EndProject
Global
	GlobalSection(SolutionConfigurationPlatforms) = preSolution
		Debug|Any CPU = Debug|Any CPU
		Release|Any CPU = Release|Any CPU
	EndGlobalSection
	GlobalSection(ProjectConfigurationPlatforms) = postSolution
		{66099AA6-CC22-4BF9-BB60-1B70F184E7BD}.Debug|Any CPU.ActiveCfg = Debug|Any CPU
		{66099AA6-CC22-4BF9-BB60-1B70F184E7BD}.Debug|Any CPU.Build.0 = Debug|Any CPU
		{66099AA6-CC22-4BF9-BB60-1B70F184E7BD}.Release|Any CPU.ActiveCfg = Release|Any CPU
		{66099AA6-CC22-4BF9-BB60-1B70F184E7BD}.Release|Any CPU.Build.0 = Release|Any CPU
	EndGlobalSection
	GlobalSection(SolutionProperties) = preSolution
		HideSolutionNode = FALSE
	EndGlobalSection
	GlobalSection(ExtensibilityGlobals) = postSolution
		SolutionGuid = {754DAF48-864C-4F64-9CF2-DA20A84E30A1}
	EndGlobalSection
EndGlobal
